{
  "nodes": {
    "caveman": {
      "flake": false,
      "locked": {
        "lastModified": 1789663592,
        "narHash": "sha256-gMoBDg9YshDymtr872sbQFKy9qhjP/GRVal5DR7lDmU=",
        "owner": "JuliusBrussee",
        "repo": "caveman",
        "rev": "542442bab314973709f95b85b1ac0b3f6f5b5dc6",
        "type": "github"
      },
      "original": {
        "owner": "JuliusBrussee",
        "repo": "caveman",
        "type": "github"
      }
    },
    "ckorhonen-skills": {
      "flake": false,
      "locked": {
        "lastModified": 1783286041,
        "narHash": "sha256-UAbjsdsl8cWTXRgma04GNiUQtxFcmXu225tteg0ytFM=",
        "owner": "ckorhonen",
        "repo": "claude-skills",
        "rev": "39896345ef47beced8bbfeece5e772f0d978b8c6",
        "type": "github"
      },
      "original": {
        "owner": "ckorhonen",
        "repo": "claude-skills",
        "type": "github"
      }
    },
    "claude-code-nix": {
      "inputs": {
        "nixpkgs": "nixpkgs",
        "systems": "systems"
      },
      "locked": {
        "lastModified": 1789700530,
        "narHash": "sha256-mrAnfxXwuirn79QRCefogzRtma62ob7PN1BI1XQmrOw=",
        "owner": "sadjow",
        "repo": "claude-code-nix",
        "rev": "2dbea35399c1af937a5ee67bcab7261d82466b7f",
        "type": "github"
      },
      "original": {
        "owner": "sadjow",
        "repo": "claude-code-nix",
        "type": "github"
      }
    },
    "claude-duet": {
      "flake": false,
      "locked": {
        "lastModified": 1782128544,
        "narHash": "sha256-b6YbneZmFMCWM0zQLnap/Fm6xWU5TV2y0eKRCSYrVpU=",
        "owner": "bokuhe",
        "repo": "claude-duet",
        "rev": "ce03ddd1328a273e63d42c07f1fc45ad8db7f217",
        "type": "github"
      },
      "original": {
        "owner": "bokuhe",
        "repo": "claude-duet",
        "type": "github"
      }
    },
    "claude-plugins-official": {
      "flake": false,
      "locked": {
        "lastModified": 1789656961,
        "narHash": "sha256-km1AOHgEKW+YuCMgEbQo26IjDhl99Deq35RSj4JlGWI=",
        "owner": "anthropics",
        "repo": "claude-plugins-official",
        "rev": "1aa8f02ec8327f513686934f458a620f83db91ed",
        "type": "github"
      },
      "original": {
        "owner": "anthropics",
        "repo": "claude-plugins-official",
        "type": "github"
      }
    },
    "firecrawl-plugin": {
      "flake": false,
      "locked": {
        "lastModified": 1789652995,
        "narHash": "sha256-dg+cyK4Y+FoG+ftxhUgh9pCWF9qbRd/+wLKwtQZanH0=",
        "owner": "firecrawl",
        "repo": "firecrawl-claude-plugin",
        "rev": "ed0161455938240010539e2cefb7b785352b3746",
        "type": "github"
      },
      "original": {
        "owner": "firecrawl",
        "repo": "firecrawl-claude-plugin",
        "type": "github"
      }
    },
    "graphify": {
      "flake": false,
      "locked": {
        "lastModified": 1789587698,
        "narHash": "sha256-zfgADdOXuQLIOBIFh37WQZH7zUcDBnfFH2eCNeJ1XPw=",
        "owner": "Graphify-Labs",
        "repo": "graphify",
        "rev": "26b02b5e3430e4ab85dd7e72c7b98836d8e65c48",
        "type": "github"
      },
      "original": {
        "owner": "Graphify-Labs",
        "repo": "graphify",
        "type": "github"
      }
    },
    "lanej-dotfiles": {
      "flake": false,
      "locked": {
        "lastModified": 1789654031,
        "narHash": "sha256-qK6pwz1HUqvSAHMAl8ZqG0JZQnpNpEI7VWNzSLB99EQ=",
        "owner": "lanej",
        "repo": "dotfiles",
        "rev": "1ea749c51ea7cc525334919cd16522a0cc142107",
        "type": "github"
      },
      "original": {
        "owner": "lanej",
        "repo": "dotfiles",
        "type": "github"
      }
    },
    "last30days": {
      "flake": false,
      "locked": {
        "lastModified": 1789623340,
        "narHash": "sha256-l9LzlUenbHCHU5eKPlMIBzFj25MjK03AkYcZtiVNtEQ=",
        "owner": "mvanhorn",
        "repo": "last30days-skill",
        "rev": "30d47be7020b542ade26eeb02d26a5abccbd3491",
        "type": "github"
      },
      "original": {
        "owner": "mvanhorn",
        "repo": "last30days-skill",
        "type": "github"
      }
    },
    "mattpocock-skills": {
      "flake": false,
      "locked": {
        "lastModified": 1789643445,
        "narHash": "sha256-jV54LyJWtC/UJ7xHH0NRNVN/zwUT8vYS6gzH9gpo+yo=",
        "owner": "mattpocock",
        "repo": "skills",
        "rev": "74ca5fe077456a0b3b2f5310cf9430999fd0b5fd",
        "type": "github"
      },
      "original": {
        "owner": "mattpocock",
        "repo": "skills",
        "type": "github"
      }
    },
    "nixpkgs": {
      "locked": {
        "lastModified": 1789632929,
        "narHash": "sha256-RjR8AyvGlWuw16XRj7C1YDEw4E27ciuyPeB2nDMzgTU=",
        "owner": "NixOS",
        "repo": "nixpkgs",
        "rev": "a32edd7654519351e48e80372a928df336394670",
        "type": "github"
      },
      "original": {
        "owner": "NixOS",
        "ref": "nixpkgs-unstable",
        "repo": "nixpkgs",
        "type": "github"
      }
    },
    "ponytail": {
      "flake": false,
      "locked": {
        "lastModified": 1789396482,
        "narHash": "sha256-PES5XrSYx0VBXWVHEDRykGy0SAmJfV/luzy8Gfg0aAQ=",
        "owner": "DietrichGebert",
        "repo": "ponytail",
        "rev": "e3ba2aa6f1e6f0bc4d69eb09c9f0d0a93af56156",
        "type": "github"
      },
      "original": {
        "owner": "DietrichGebert",
        "repo": "ponytail",
        "type": "github"
      }
    },
    "root": {
      "inputs": {
        "caveman": "caveman",
        "ckorhonen-skills": "ckorhonen-skills",
        "claude-code-nix": "claude-code-nix",
        "claude-duet": "claude-duet",
        "claude-plugins-official": "claude-plugins-official",
        "firecrawl-plugin": "firecrawl-plugin",
        "graphify": "graphify",
        "lanej-dotfiles": "lanej-dotfiles",
        "last30days": "last30days",
        "mattpocock-skills": "mattpocock-skills",
        "ponytail": "ponytail",
        "spartan": "spartan",
        "superpowers": "superpowers",
        "understand-anything": "understand-anything",
        "vercel-skills": "vercel-skills"
      }
    },
    "spartan": {
      "flake": false,
      "locked": {
        "lastModified": 1781756977,
        "narHash": "sha256-wiZcaWtLiGgPmNhTFrhrYb0GOdp32dXLpoaOkm0cVdE=",
        "owner": "c0x12c",
        "repo": "ai-toolkit",
        "rev": "96b2c9d099f8507a95b9e43916f144594720a3c9",
        "type": "github"
      },
      "original": {
        "owner": "c0x12c",
        "ref": "v1.27.0",
        "repo": "ai-toolkit",
        "type": "github"
      }
    },
    "superpowers": {
      "flake": false,
      "locked": {
        "lastModified": 1786553601,
        "narHash": "sha256-EsGNO0dULWf5Bx6bGrCv2kI2Z8aKH0kRvGiuN23wChQ=",
        "owner": "obra",
        "repo": "superpowers",
        "rev": "b36e0829c6d0140e93cfef2ca599b1b07d4a7797",
        "type": "github"
      },
      "original": {
        "owner": "obra",
        "repo": "superpowers",
        "type": "github"
      }
    },
    "systems": {
      "locked": {
        "lastModified": 1681028828,
        "narHash": "sha256-Vy1rq5AaRuLzOxct8nz4T6wlgyUR7zLU309k9mBC768=",
        "owner": "nix-systems",
        "repo": "default",
        "rev": "da67096a3b9bf56a91d16901293e51ba5b49a27e",
        "type": "github"
      },
      "original": {
        "owner": "nix-systems",
        "repo": "default",
        "type": "github"
      }
    },
    "understand-anything": {
      "flake": false,
      "locked": {
        "lastModified": 1789191103,
        "narHash": "sha256-+Ge7ithJUghgrnsX5pgdQOQpWTbUtWT0PIb8l6csGjw=",
        "owner": "Egonex-AI",
        "repo": "Understand-Anything",
        "rev": "6df3065f1d8ddc2ce3615314d1d493f36d6b1c80",
        "type": "github"
      },
      "original": {
        "owner": "Egonex-AI",
        "repo": "Understand-Anything",
        "type": "github"
      }
    },
    "vercel-skills": {
      "flake": false,
      "locked": {
        "lastModified": 1789657217,
        "narHash": "sha256-/B2el3+KYXohGCM4JaHl2EUx1c6mlYdUNrWiE0z/7lA=",
        "owner": "vercel-labs",
        "repo": "skills",
        "rev": "7407f3893ad4dceab546ac002c3ef806e4000c73",
        "type": "github"
      },
      "original": {
        "owner": "vercel-labs",
        "repo": "skills",
        "type": "github"
      }
    }
  },
  "root": "root",
  "version": 7
}
