{
  "nodes": {
    "caveman": {
      "flake": false,
      "locked": {
        "lastModified": 1790038640,
        "narHash": "sha256-KFfU8LmNajKLZcOXOFisn4beTcg2YL+rpasr39UgSZE=",
        "owner": "JuliusBrussee",
        "repo": "caveman",
        "rev": "2fd153c67988e980fb0b2455c90832159a6a5a25",
        "type": "github"
      },
      "original": {
        "owner": "JuliusBrussee",
        "repo": "caveman",
        "type": "github"
      }
    },
    "ckorhonen-skills": {
      "flake": false,
      "locked": {
        "lastModified": 1783286041,
        "narHash": "sha256-UAbjsdsl8cWTXRgma04GNiUQtxFcmXu225tteg0ytFM=",
        "owner": "ckorhonen",
        "repo": "claude-skills",
        "rev": "39896345ef47beced8bbfeece5e772f0d978b8c6",
        "type": "github"
      },
      "original": {
        "owner": "ckorhonen",
        "repo": "claude-skills",
        "type": "github"
      }
    },
    "claude-code-nix": {
      "inputs": {
        "nixpkgs": "nixpkgs",
        "systems": "systems"
      },
      "locked": {
        "lastModified": 1790193712,
        "narHash": "sha256-f9ri1oARsL50D9mowaBGx2mmcbekvqRoxb9p8owXrVg=",
        "owner": "sadjow",
        "repo": "claude-code-nix",
        "rev": "a4ada6cadb755b6fb9f225fe77d5b8211d0d969a",
        "type": "github"
      },
      "original": {
        "owner": "sadjow",
        "repo": "claude-code-nix",
        "type": "github"
      }
    },
    "claude-duet": {
      "flake": false,
      "locked": {
        "lastModified": 1782128544,
        "narHash": "sha256-b6YbneZmFMCWM0zQLnap/Fm6xWU5TV2y0eKRCSYrVpU=",
        "owner": "bokuhe",
        "repo": "claude-duet",
        "rev": "ce03ddd1328a273e63d42c07f1fc45ad8db7f217",
        "type": "github"
      },
      "original": {
        "owner": "bokuhe",
        "repo": "claude-duet",
        "type": "github"
      }
    },
    "claude-plugins-official": {
      "flake": false,
      "locked": {
        "lastModified": 1790178576,
        "narHash": "sha256-ovmwX4tfU3Xl7yJRwSs2H9obeN/Uh38j7by/RS1hiGs=",
        "owner": "anthropics",
        "repo": "claude-plugins-official",
        "rev": "6bfd4e0c6d3da6050984fa5ed8281d915fa7ed69",
        "type": "github"
      },
      "original": {
        "owner": "anthropics",
        "repo": "claude-plugins-official",
        "type": "github"
      }
    },
    "firecrawl-plugin": {
      "flake": false,
      "locked": {
        "lastModified": 1790091335,
        "narHash": "sha256-EHZf9+9Vjb6pc4i2dLjEQrSC5rXcVhduJNv11HBe59I=",
        "owner": "firecrawl",
        "repo": "firecrawl-claude-plugin",
        "rev": "b310aa498d2bb661903d4b4e04653352fe60f74b",
        "type": "github"
      },
      "original": {
        "owner": "firecrawl",
        "repo": "firecrawl-claude-plugin",
        "type": "github"
      }
    },
    "graphify": {
      "flake": false,
      "locked": {
        "lastModified": 1790191431,
        "narHash": "sha256-Ea4PbIEJ/0stwTo8KF7DMD9oRsKvxCkFVozdR+Mka9U=",
        "owner": "Graphify-Labs",
        "repo": "graphify",
        "rev": "4c735618f3d56fd622c2049771584621c31ba9ff",
        "type": "github"
      },
      "original": {
        "owner": "Graphify-Labs",
        "repo": "graphify",
        "type": "github"
      }
    },
    "lanej-dotfiles": {
      "flake": false,
      "locked": {
        "lastModified": 1790117078,
        "narHash": "sha256-4jtM3pcTFVp/H57sCJbO1PKm49rNgOpLD4ndF141Jwg=",
        "owner": "lanej",
        "repo": "dotfiles",
        "rev": "415194aec7216e55558775da8f46f465fb7228af",
        "type": "github"
      },
      "original": {
        "owner": "lanej",
        "repo": "dotfiles",
        "type": "github"
      }
    },
    "last30days": {
      "flake": false,
      "locked": {
        "lastModified": 1790142298,
        "narHash": "sha256-fo5Gv/w86Trrj2JGLrB1HArRPP9mDxGcSXL6pxKchy4=",
        "owner": "mvanhorn",
        "repo": "last30days-skill",
        "rev": "084662b501fb0dba95bd55eff0c258d35e0dc499",
        "type": "github"
      },
      "original": {
        "owner": "mvanhorn",
        "repo": "last30days-skill",
        "type": "github"
      }
    },
    "mattpocock-skills": {
      "flake": false,
      "locked": {
        "lastModified": 1789726349,
        "narHash": "sha256-L3CpIT2DeI+fUFl9fcygojtQo2DzEen69rMD1XqR1vM=",
        "owner": "mattpocock",
        "repo": "skills",
        "rev": "c55ee46073ed923f86ce59a5eb3b6d895095d1b7",
        "type": "github"
      },
      "original": {
        "owner": "mattpocock",
        "repo": "skills",
        "type": "github"
      }
    },
    "nixpkgs": {
      "locked": {
        "lastModified": 1790149054,
        "narHash": "sha256-FfjXg6mAzKQBCY+7V9keGWOXG4DV2Eym/qA987lFl8A=",
        "owner": "NixOS",
        "repo": "nixpkgs",
        "rev": "8825bebf6324e0579d012936eff73379af284b6d",
        "type": "github"
      },
      "original": {
        "owner": "NixOS",
        "ref": "nixpkgs-unstable",
        "repo": "nixpkgs",
        "type": "github"
      }
    },
    "ponytail": {
      "flake": false,
      "locked": {
        "lastModified": 1789396482,
        "narHash": "sha256-PES5XrSYx0VBXWVHEDRykGy0SAmJfV/luzy8Gfg0aAQ=",
        "owner": "DietrichGebert",
        "repo": "ponytail",
        "rev": "e3ba2aa6f1e6f0bc4d69eb09c9f0d0a93af56156",
        "type": "github"
      },
      "original": {
        "owner": "DietrichGebert",
        "repo": "ponytail",
        "type": "github"
      }
    },
    "root": {
      "inputs": {
        "caveman": "caveman",
        "ckorhonen-skills": "ckorhonen-skills",
        "claude-code-nix": "claude-code-nix",
        "claude-duet": "claude-duet",
        "claude-plugins-official": "claude-plugins-official",
        "firecrawl-plugin": "firecrawl-plugin",
        "graphify": "graphify",
        "lanej-dotfiles": "lanej-dotfiles",
        "last30days": "last30days",
        "mattpocock-skills": "mattpocock-skills",
        "ponytail": "ponytail",
        "spartan": "spartan",
        "superpowers": "superpowers",
        "understand-anything": "understand-anything",
        "vercel-skills": "vercel-skills"
      }
    },
    "spartan": {
      "flake": false,
      "locked": {
        "lastModified": 1781756977,
        "narHash": "sha256-wiZcaWtLiGgPmNhTFrhrYb0GOdp32dXLpoaOkm0cVdE=",
        "owner": "c0x12c",
        "repo": "ai-toolkit",
        "rev": "96b2c9d099f8507a95b9e43916f144594720a3c9",
        "type": "github"
      },
      "original": {
        "owner": "c0x12c",
        "ref": "v1.27.0",
        "repo": "ai-toolkit",
        "type": "github"
      }
    },
    "superpowers": {
      "flake": false,
      "locked": {
        "lastModified": 1789777895,
        "narHash": "sha256-rgeJhjQyABYlhlyFRmgyhbZmmmIPPNkch4CXyTkGEyM=",
        "owner": "obra",
        "repo": "superpowers",
        "rev": "5bf4e78011075bcfc0dc295f0724994cd123ee71",
        "type": "github"
      },
      "original": {
        "owner": "obra",
        "repo": "superpowers",
        "type": "github"
      }
    },
    "systems": {
      "locked": {
        "lastModified": 1681028828,
        "narHash": "sha256-Vy1rq5AaRuLzOxct8nz4T6wlgyUR7zLU309k9mBC768=",
        "owner": "nix-systems",
        "repo": "default",
        "rev": "da67096a3b9bf56a91d16901293e51ba5b49a27e",
        "type": "github"
      },
      "original": {
        "owner": "nix-systems",
        "repo": "default",
        "type": "github"
      }
    },
    "understand-anything": {
      "flake": false,
      "locked": {
        "lastModified": 1789191103,
        "narHash": "sha256-+Ge7ithJUghgrnsX5pgdQOQpWTbUtWT0PIb8l6csGjw=",
        "owner": "Egonex-AI",
        "repo": "Understand-Anything",
        "rev": "6df3065f1d8ddc2ce3615314d1d493f36d6b1c80",
        "type": "github"
      },
      "original": {
        "owner": "Egonex-AI",
        "repo": "Understand-Anything",
        "type": "github"
      }
    },
    "vercel-skills": {
      "flake": false,
      "locked": {
        "lastModified": 1789657217,
        "narHash": "sha256-/B2el3+KYXohGCM4JaHl2EUx1c6mlYdUNrWiE0z/7lA=",
        "owner": "vercel-labs",
        "repo": "skills",
        "rev": "7407f3893ad4dceab546ac002c3ef806e4000c73",
        "type": "github"
      },
      "original": {
        "owner": "vercel-labs",
        "repo": "skills",
        "type": "github"
      }
    }
  },
  "root": "root",
  "version": 7
}
